// !$*UTF8*$!
{
	archiveVersion = 1;
	classes = {
	};
	objectVersion = 46;
	objects = {

/* Begin PBXBuildFile section */
		005B461031B6EE59AD08787F /* ofxAssimpMeshHelper.cpp in Sources */ = {isa = PBXBuildFile; fileRef = D0559B9E665844BA430A5E13 /* ofxAssimpMeshHelper.cpp */; };
		0762D9B4D9CAA8E119331CE5 /* Triangles.cpp in Sources */ = {isa = PBXBuildFile; fileRef = C7CBFEED3F1CB5D5A384B845 /* Triangles.cpp */; };
		1D74B07B9EA957E5C635B66C /* ofxSlider.cpp in Sources */ = {isa = PBXBuildFile; fileRef = 9778B3A196AF0050B00316BD /* ofxSlider.cpp */; };
		491A36D50D4598B6B510C110 /* ofxAssimpAnimation.cpp in Sources */ = {isa = PBXBuildFile; fileRef = 0EFD3A7FD41F31F3ACF5F957 /* ofxAssimpAnimation.cpp */; };
		4920CDD1A25867D52BE0B75A /* ofxAssimpModelLoader.cpp in Sources */ = {isa = PBXBuildFile; fileRef = A753E2841520DF9D00A92E4A /* ofxAssimpModelLoader.cpp */; };
		572BFE01DCBFFF80CB33B6C8 /* ofxBaseGui.cpp in Sources */ = {isa = PBXBuildFile; fileRef = 5B2E1111CB1A13B9D1C341A0 /* ofxBaseGui.cpp */; };
		6696B7EE61462711BCD85E06 /* ofxGuiGroup.cpp in Sources */ = {isa = PBXBuildFile; fileRef = 0446211FDB7529F3D2CE39F5 /* ofxGuiGroup.cpp */; };
		6F0B74A7D8A3033E48F0E1A7 /* ofxButton.cpp in Sources */ = {isa = PBXBuildFile; fileRef = 8697D6FF9D8427D2C376B1CA /* ofxButton.cpp */; };
		750FFFE9C5C869CA0CC91C7C /* Layer.cpp in Sources */ = {isa = PBXBuildFile; fileRef = 1F5B4F4AFC49851625E7F905 /* Layer.cpp */; };
		7C63758F55929167F51F857D /* ofxLabel.cpp in Sources */ = {isa = PBXBuildFile; fileRef = F5AAB89267259B1710FA7FDD /* ofxLabel.cpp */; };
		8038CF75298C65E03ACE1EB2 /* lib_implementation.cpp in Sources */ = {isa = PBXBuildFile; fileRef = D0E0A7FFFDE47DE6D0ED5720 /* lib_implementation.cpp */; };
		97FDCAADB0059B52FA89BB60 /* ofxSliderGroup.cpp in Sources */ = {isa = PBXBuildFile; fileRef = 5EA2E11DD22553C4CB2FC804 /* ofxSliderGroup.cpp */; };
		AE71C46C780B16FA012D3AF5 /* ofxToggle.cpp in Sources */ = {isa = PBXBuildFile; fileRef = 7B78FE093D1C34BFB3464897 /* ofxToggle.cpp */; };
		DA825DF5BE21E62AF55A611B /* ofxSlicer.cpp in Sources */ = {isa = PBXBuildFile; fileRef = 0C6D011014ABF4322BD456AB /* ofxSlicer.cpp */; };
		E4328149138ABC9F0047C5CB /* openFrameworksDebug.a in Frameworks */ = {isa = PBXBuildFile; fileRef = E4328148138ABC890047C5CB /* openFrameworksDebug.a */; };
		E4B69E200A3A1BDC003C02F2 /* main.cpp in Sources */ = {isa = PBXBuildFile; fileRef = E4B69E1D0A3A1BDC003C02F2 /* main.cpp */; };
		E4B69E210A3A1BDC003C02F2 /* ofApp.cpp in Sources */ = {isa = PBXBuildFile; fileRef = E4B69E1E0A3A1BDC003C02F2 /* ofApp.cpp */; };
		E5636750DFF3FE899E725535 /* ofxAssimpTexture.cpp in Sources */ = {isa = PBXBuildFile; fileRef = 76DF3525443A78F9152530FA /* ofxAssimpTexture.cpp */; };
		EC6FA32C74BCF4977753193E /* ofxPanel.cpp in Sources */ = {isa = PBXBuildFile; fileRef = 67B61BE0142FF03979BBF248 /* ofxPanel.cpp */; };
/* End PBXBuildFile section */

/* Begin PBXContainerItemProxy section */
		E4328147138ABC890047C5CB /* PBXContainerItemProxy */ = {
			isa = PBXContainerItemProxy;
			containerPortal = E4328143138ABC890047C5CB /* openFrameworksLib.xcodeproj */;
			proxyType = 2;
			remoteGlobalIDString = E4B27C1510CBEB8E00536013;
			remoteInfo = openFrameworks;
		};
		E4EEB9AB138B136A00A80321 /* PBXContainerItemProxy */ = {
			isa = PBXContainerItemProxy;
			containerPortal = E4328143138ABC890047C5CB /* openFrameworksLib.xcodeproj */;
			proxyType = 1;
			remoteGlobalIDString = E4B27C1410CBEB8E00536013;
			remoteInfo = openFrameworks;
		};
/* End PBXContainerItemProxy section */

/* Begin PBXCopyFilesBuildPhase section */
		E4C2427710CC5ABF004149E2 /* CopyFiles */ = {
			isa = PBXCopyFilesBuildPhase;
			buildActionMask = 2147483647;
			dstPath = "";
			dstSubfolderSpec = 10;
			files = (
			);
			runOnlyForDeploymentPostprocessing = 0;
		};
/* End PBXCopyFilesBuildPhase section */

/* Begin PBXFileReference section */
		0446211FDB7529F3D2CE39F5 /* ofxGuiGroup.cpp */ = {isa = PBXFileReference; explicitFileType = sourcecode.cpp.cpp; fileEncoding = 30; name = ofxGuiGroup.cpp; path = ../../Openframeworks/addons/ofxGui/src/ofxGuiGroup.cpp; sourceTree = SOURCE_ROOT; };
		0680C75F3A526535003A3CCA /* importerdesc.h */ = {isa = PBXFileReference; explicitFileType = sourcecode.c.h; fileEncoding = 30; name = importerdesc.h; path = ../../Openframeworks/addons/ofxAssimpModelLoader/libs/assimp/include/assimp/importerdesc.h; sourceTree = SOURCE_ROOT; };
		0A755538C3ABA30360434F4C /* ProgressHandler.hpp */ = {isa = PBXFileReference; explicitFileType = sourcecode.c.h; fileEncoding = 30; name = ProgressHandler.hpp; path = ../../Openframeworks/addons/ofxAssimpModelLoader/libs/assimp/include/assimp/ProgressHandler.hpp; sourceTree = SOURCE_ROOT; };
		0C6D011014ABF4322BD456AB /* ofxSlicer.cpp */ = {isa = PBXFileReference; explicitFileType = sourcecode.cpp.cpp; fileEncoding = 30; name = ofxSlicer.cpp; path = ../../Openframeworks/addons/ofxSlicer/src/ofxSlicer.cpp; sourceTree = SOURCE_ROOT; };
		0E25FEB30B5E3A0FEEF697D5 /* ofxAssimpTexture.h */ = {isa = PBXFileReference; explicitFileType = sourcecode.c.h; fileEncoding = 30; name = ofxAssimpTexture.h; path = ../../Openframeworks/addons/ofxAssimpModelLoader/src/ofxAssimpTexture.h; sourceTree = SOURCE_ROOT; };
		0EFD3A7FD41F31F3ACF5F957 /* ofxAssimpAnimation.cpp */ = {isa = PBXFileReference; explicitFileType = sourcecode.cpp.cpp; fileEncoding = 30; name = ofxAssimpAnimation.cpp; path = ../../Openframeworks/addons/ofxAssimpModelLoader/src/ofxAssimpAnimation.cpp; sourceTree = SOURCE_ROOT; };
		100BDAB0B580D84CE9615637 /* Triangles.hpp */ = {isa = PBXFileReference; explicitFileType = sourcecode.c.h; fileEncoding = 30; name = Triangles.hpp; path = ../../Openframeworks/addons/ofxSlicer/src/Triangles.hpp; sourceTree = SOURCE_ROOT; };
		164D5F8D70FFB5D45820C2D6 /* pushpack1.h */ = {isa = PBXFileReference; explicitFileType = sourcecode.c.h; fileEncoding = 30; name = pushpack1.h; path = ../../Openframeworks/addons/ofxAssimpModelLoader/libs/assimp/include/assimp/Compiler/pushpack1.h; sourceTree = SOURCE_ROOT; };
		1C0D2BD06A941724C4C8787D /* ofxLabel.h */ = {isa = PBXFileReference; explicitFileType = sourcecode.c.h; fileEncoding = 30; name = ofxLabel.h; path = ../../Openframeworks/addons/ofxGui/src/ofxLabel.h; sourceTree = SOURCE_ROOT; };
		1F5B4F4AFC49851625E7F905 /* Layer.cpp */ = {isa = PBXFileReference; explicitFileType = sourcecode.cpp.cpp; fileEncoding = 30; name = Layer.cpp; path = ../../Openframeworks/addons/ofxSlicer/src/Layer.cpp; sourceTree = SOURCE_ROOT; };
		2380D03BAE6CBBFF7EB8DADF /* scene.h */ = {isa = PBXFileReference; explicitFileType = sourcecode.c.h; fileEncoding = 30; name = scene.h; path = ../../Openframeworks/addons/ofxAssimpModelLoader/libs/assimp/include/assimp/scene.h; sourceTree = SOURCE_ROOT; };
		273916BF7C115479BB6DFAF1 /* Layer.hpp */ = {isa = PBXFileReference; explicitFileType = sourcecode.c.h; fileEncoding = 30; name = Layer.hpp; path = ../../Openframeworks/addons/ofxSlicer/src/Layer.hpp; sourceTree = SOURCE_ROOT; };
		297059C0F4958A9AEDB89F32 /* ofxPanel.h */ = {isa = PBXFileReference; explicitFileType = sourcecode.c.h; fileEncoding = 30; name = ofxPanel.h; path = ../../Openframeworks/addons/ofxGui/src/ofxPanel.h; sourceTree = SOURCE_ROOT; };
		30C88930FAFFC1CDC2C2FE68 /* config.h */ = {isa = PBXFileReference; explicitFileType = sourcecode.c.h; fileEncoding = 30; name = config.h; path = ../../Openframeworks/addons/ofxAssimpModelLoader/libs/assimp/include/assimp/config.h; sourceTree = SOURCE_ROOT; };
		338D7276203B71DAAC31CDD1 /* matrix3x3.h */ = {isa = PBXFileReference; explicitFileType = sourcecode.c.h; fileEncoding = 30; name = matrix3x3.h; path = ../../Openframeworks/addons/ofxAssimpModelLoader/libs/assimp/include/assimp/matrix3x3.h; sourceTree = SOURCE_ROOT; };
		36729AA6BCB44ED623CF3C75 /* necessaryLib.h */ = {isa = PBXFileReference; explicitFileType = sourcecode.c.h; fileEncoding = 30; name = necessaryLib.h; path = ../../Openframeworks/addons/ofxSlicer/libs/necessaryLib/include/necessaryLib.h; sourceTree = SOURCE_ROOT; };
		39CC9BBD40902712A6F2E073 /* light.h */ = {isa = PBXFileReference; explicitFileType = sourcecode.c.h; fileEncoding = 30; name = light.h; path = ../../Openframeworks/addons/ofxAssimpModelLoader/libs/assimp/include/assimp/light.h; sourceTree = SOURCE_ROOT; };
		3B301E08D89176B6A81A21D9 /* matrix4x4.h */ = {isa = PBXFileReference; explicitFileType = sourcecode.c.h; fileEncoding = 30; name = matrix4x4.h; path = ../../Openframeworks/addons/ofxAssimpModelLoader/libs/assimp/include/assimp/matrix4x4.h; sourceTree = SOURCE_ROOT; };
		419EB3F6139DEB0756F89674 /* ofxAssimpModelLoader.h */ = {isa = PBXFileReference; explicitFileType = sourcecode.c.h; fileEncoding = 30; name = ofxAssimpModelLoader.h; path = ../../Openframeworks/addons/ofxAssimpModelLoader/src/ofxAssimpModelLoader.h; sourceTree = SOURCE_ROOT; };
		4CE03C8DA6972E37F32E4E8F /* ofxAssimpAnimation.h */ = {isa = PBXFileReference; explicitFileType = sourcecode.c.h; fileEncoding = 30; name = ofxAssimpAnimation.h; path = ../../Openframeworks/addons/ofxAssimpModelLoader/src/ofxAssimpAnimation.h; sourceTree = SOURCE_ROOT; };
		515FF13B70065BD7AC4B2480 /* IOSystem.hpp */ = {isa = PBXFileReference; explicitFileType = sourcecode.c.h; fileEncoding = 30; name = IOSystem.hpp; path = ../../Openframeworks/addons/ofxAssimpModelLoader/libs/assimp/include/assimp/IOSystem.hpp; sourceTree = SOURCE_ROOT; };
		5596DBD8722225E3AAE69D2D /* ofxAssimpMeshHelper.h */ = {isa = PBXFileReference; explicitFileType = sourcecode.c.h; fileEncoding = 30; name = ofxAssimpMeshHelper.h; path = ../../Openframeworks/addons/ofxAssimpModelLoader/src/ofxAssimpMeshHelper.h; sourceTree = SOURCE_ROOT; };
		570697585AD39E1B59C79F0A /* metadata.h */ = {isa = PBXFileReference; explicitFileType = sourcecode.c.h; fileEncoding = 30; name = metadata.h; path = ../../Openframeworks/addons/ofxAssimpModelLoader/libs/assimp/include/assimp/metadata.h; sourceTree = SOURCE_ROOT; };
		5B2E1111CB1A13B9D1C341A0 /* ofxBaseGui.cpp */ = {isa = PBXFileReference; explicitFileType = sourcecode.cpp.cpp; fileEncoding = 30; name = ofxBaseGui.cpp; path = ../../Openframeworks/addons/ofxGui/src/ofxBaseGui.cpp; sourceTree = SOURCE_ROOT; };
		5B3012BB808338B1E5AD2CEF /* camera.h */ = {isa = PBXFileReference; explicitFileType = sourcecode.c.h; fileEncoding = 30; name = camera.h; path = ../../Openframeworks/addons/ofxAssimpModelLoader/libs/assimp/include/assimp/camera.h; sourceTree = SOURCE_ROOT; };
		5EA2E11DD22553C4CB2FC804 /* ofxSliderGroup.cpp */ = {isa = PBXFileReference; explicitFileType = sourcecode.cpp.cpp; fileEncoding = 30; name = ofxSliderGroup.cpp; path = ../../Openframeworks/addons/ofxGui/src/ofxSliderGroup.cpp; sourceTree = SOURCE_ROOT; };
		65C3F5E3BB70F9EEF3F7690C /* cimport.h */ = {isa = PBXFileReference; explicitFileType = sourcecode.c.h; fileEncoding = 30; name = cimport.h; path = ../../Openframeworks/addons/ofxAssimpModelLoader/libs/assimp/include/assimp/cimport.h; sourceTree = SOURCE_ROOT; };
		674F8590680186A311F429C5 /* ofxSlider.h */ = {isa = PBXFileReference; explicitFileType = sourcecode.c.h; fileEncoding = 30; name = ofxSlider.h; path = ../../Openframeworks/addons/ofxGui/src/ofxSlider.h; sourceTree = SOURCE_ROOT; };
		67B61BE0142FF03979BBF248 /* ofxPanel.cpp */ = {isa = PBXFileReference; explicitFileType = sourcecode.cpp.cpp; fileEncoding = 30; name = ofxPanel.cpp; path = ../../Openframeworks/addons/ofxGui/src/ofxPanel.cpp; sourceTree = SOURCE_ROOT; };
		70EB426891C2DA259B322C69 /* ofxButton.h */ = {isa = PBXFileReference; explicitFileType = sourcecode.c.h; fileEncoding = 30; name = ofxButton.h; path = ../../Openframeworks/addons/ofxGui/src/ofxButton.h; sourceTree = SOURCE_ROOT; };
		71E9CE2E3D596FDE3DFAAB3F /* lib_implementation.h */ = {isa = PBXFileReference; explicitFileType = sourcecode.c.h; fileEncoding = 30; name = lib_implementation.h; path = ../../Openframeworks/addons/ofxSlicer/libs/necessaryLib/src/lib_implementation.h; sourceTree = SOURCE_ROOT; };
		744A9543FD0115A4BF8E66ED /* types.h */ = {isa = PBXFileReference; explicitFileType = sourcecode.c.h; fileEncoding = 30; name = types.h; path = ../../Openframeworks/addons/ofxAssimpModelLoader/libs/assimp/include/assimp/types.h; sourceTree = SOURCE_ROOT; };
		76DF3525443A78F9152530FA /* ofxAssimpTexture.cpp */ = {isa = PBXFileReference; explicitFileType = sourcecode.cpp.cpp; fileEncoding = 30; name = ofxAssimpTexture.cpp; path = ../../Openframeworks/addons/ofxAssimpModelLoader/src/ofxAssimpTexture.cpp; sourceTree = SOURCE_ROOT; };
		7B78FE093D1C34BFB3464897 /* ofxToggle.cpp */ = {isa = PBXFileReference; explicitFileType = sourcecode.cpp.cpp; fileEncoding = 30; name = ofxToggle.cpp; path = ../../Openframeworks/addons/ofxGui/src/ofxToggle.cpp; sourceTree = SOURCE_ROOT; };
		7D0818507DE7C7F430C0997F /* ofxToggle.h */ = {isa = PBXFileReference; explicitFileType = sourcecode.c.h; fileEncoding = 30; name = ofxToggle.h; path = ../../Openframeworks/addons/ofxGui/src/ofxToggle.h; sourceTree = SOURCE_ROOT; };
		7D7326EE26566B16B4C4C1C0 /* LogStream.hpp */ = {isa = PBXFileReference; explicitFileType = sourcecode.c.h; fileEncoding = 30; name = LogStream.hpp; path = ../../Openframeworks/addons/ofxAssimpModelLoader/libs/assimp/include/assimp/LogStream.hpp; sourceTree = SOURCE_ROOT; };
		834616AE293DE7389319C394 /* ofxSliderGroup.h */ = {isa = PBXFileReference; explicitFileType = sourcecode.c.h; fileEncoding = 30; name = ofxSliderGroup.h; path = ../../Openframeworks/addons/ofxGui/src/ofxSliderGroup.h; sourceTree = SOURCE_ROOT; };
		8697D6FF9D8427D2C376B1CA /* ofxButton.cpp */ = {isa = PBXFileReference; explicitFileType = sourcecode.cpp.cpp; fileEncoding = 30; name = ofxButton.cpp; path = ../../Openframeworks/addons/ofxGui/src/ofxButton.cpp; sourceTree = SOURCE_ROOT; };
		87334D0E937B98835A7EADD2 /* ofxSlicer.h */ = {isa = PBXFileReference; explicitFileType = sourcecode.c.h; fileEncoding = 30; name = ofxSlicer.h; path = ../../Openframeworks/addons/ofxSlicer/src/ofxSlicer.h; sourceTree = SOURCE_ROOT; };
		8E2F532A7F9FDE4AF6C414AE /* vector2.h */ = {isa = PBXFileReference; explicitFileType = sourcecode.c.h; fileEncoding = 30; name = vector2.h; path = ../../Openframeworks/addons/ofxAssimpModelLoader/libs/assimp/include/assimp/vector2.h; sourceTree = SOURCE_ROOT; };
		95C9025AD99A9629E1A5072D /* defs.h */ = {isa = PBXFileReference; explicitFileType = sourcecode.c.h; fileEncoding = 30; name = defs.h; path = ../../Openframeworks/addons/ofxAssimpModelLoader/libs/assimp/include/assimp/defs.h; sourceTree = SOURCE_ROOT; };
		9690C775A845F9181C54A065 /* texture.h */ = {isa = PBXFileReference; explicitFileType = sourcecode.c.h; fileEncoding = 30; name = texture.h; path = ../../Openframeworks/addons/ofxAssimpModelLoader/libs/assimp/include/assimp/texture.h; sourceTree = SOURCE_ROOT; };
		9778B3A196AF0050B00316BD /* ofxSlider.cpp */ = {isa = PBXFileReference; explicitFileType = sourcecode.cpp.cpp; fileEncoding = 30; name = ofxSlider.cpp; path = ../../Openframeworks/addons/ofxGui/src/ofxSlider.cpp; sourceTree = SOURCE_ROOT; };
		9C13EC7A3B3C4F7A49A3B732 /* cfileio.h */ = {isa = PBXFileReference; explicitFileType = sourcecode.c.h; fileEncoding = 30; name = cfileio.h; path = ../../Openframeworks/addons/ofxAssimpModelLoader/libs/assimp/include/assimp/cfileio.h; sourceTree = SOURCE_ROOT; };
		9F12170C18403AD30E254EBA /* color4.h */ = {isa = PBXFileReference; explicitFileType = sourcecode.c.h; fileEncoding = 30; name = color4.h; path = ../../Openframeworks/addons/ofxAssimpModelLoader/libs/assimp/include/assimp/color4.h; sourceTree = SOURCE_ROOT; };
		A3504A4224B44523751720C3 /* ai_assert.h */ = {isa = PBXFileReference; explicitFileType = sourcecode.c.h; fileEncoding = 30; name = ai_assert.h; path = ../../Openframeworks/addons/ofxAssimpModelLoader/libs/assimp/include/assimp/ai_assert.h; sourceTree = SOURCE_ROOT; };
		A5D157306B7C01785E50B223 /* quaternion.h */ = {isa = PBXFileReference; explicitFileType = sourcecode.c.h; fileEncoding = 30; name = quaternion.h; path = ../../Openframeworks/addons/ofxAssimpModelLoader/libs/assimp/include/assimp/quaternion.h; sourceTree = SOURCE_ROOT; };
		A623AFE0DB4AC27ADDE7656F /* vector3.h */ = {isa = PBXFileReference; explicitFileType = sourcecode.c.h; fileEncoding = 30; name = vector3.h; path = ../../Openframeworks/addons/ofxAssimpModelLoader/libs/assimp/include/assimp/vector3.h; sourceTree = SOURCE_ROOT; };
		A753E2841520DF9D00A92E4A /* ofxAssimpModelLoader.cpp */ = {isa = PBXFileReference; explicitFileType = sourcecode.cpp.cpp; fileEncoding = 30; name = ofxAssimpModelLoader.cpp; path = ../../Openframeworks/addons/ofxAssimpModelLoader/src/ofxAssimpModelLoader.cpp; sourceTree = SOURCE_ROOT; };
		B82DBFFE89D70A79A5929280 /* NullLogger.hpp */ = {isa = PBXFileReference; explicitFileType = sourcecode.c.h; fileEncoding = 30; name = NullLogger.hpp; path = ../../Openframeworks/addons/ofxAssimpModelLoader/libs/assimp/include/assimp/NullLogger.hpp; sourceTree = SOURCE_ROOT; };
		BADC3734EBBEA1B767F73915 /* ofxBaseGui.h */ = {isa = PBXFileReference; explicitFileType = sourcecode.c.h; fileEncoding = 30; name = ofxBaseGui.h; path = ../../Openframeworks/addons/ofxGui/src/ofxBaseGui.h; sourceTree = SOURCE_ROOT; };
		BE365DD7DBC2B5EBBBB694C3 /* postprocess.h */ = {isa = PBXFileReference; explicitFileType = sourcecode.c.h; fileEncoding = 30; name = postprocess.h; path = ../../Openframeworks/addons/ofxAssimpModelLoader/libs/assimp/include/assimp/postprocess.h; sourceTree = SOURCE_ROOT; };
		C44D7606E1465D564C5732DB /* Importer.hpp */ = {isa = PBXFileReference; explicitFileType = sourcecode.c.h; fileEncoding = 30; name = Importer.hpp; path = ../../Openframeworks/addons/ofxAssimpModelLoader/libs/assimp/include/assimp/Importer.hpp; sourceTree = SOURCE_ROOT; };
		C6C4F8F306553E7A6C32E2F2 /* ofxAssimpUtils.h */ = {isa = PBXFileReference; explicitFileType = sourcecode.c.h; fileEncoding = 30; name = ofxAssimpUtils.h; path = ../../Openframeworks/addons/ofxAssimpModelLoader/src/ofxAssimpUtils.h; sourceTree = SOURCE_ROOT; };
		C7CBFEED3F1CB5D5A384B845 /* Triangles.cpp */ = {isa = PBXFileReference; explicitFileType = sourcecode.cpp.cpp; fileEncoding = 30; name = Triangles.cpp; path = ../../Openframeworks/addons/ofxSlicer/src/Triangles.cpp; sourceTree = SOURCE_ROOT; };
		CBE26D10AC225B055E284A5B /* version.h */ = {isa = PBXFileReference; explicitFileType = sourcecode.c.h; fileEncoding = 30; name = version.h; path = ../../Openframeworks/addons/ofxAssimpModelLoader/libs/assimp/include/assimp/version.h; sourceTree = SOURCE_ROOT; };
		CDB23D264045D0FBC0CD8C61 /* ofxGui.h */ = {isa = PBXFileReference; explicitFileType = sourcecode.c.h; fileEncoding = 30; name = ofxGui.h; path = ../../Openframeworks/addons/ofxGui/src/ofxGui.h; sourceTree = SOURCE_ROOT; };
		CE57E353D4953F114D516311 /* cexport.h */ = {isa = PBXFileReference; explicitFileType = sourcecode.c.h; fileEncoding = 30; name = cexport.h; path = ../../Openframeworks/addons/ofxAssimpModelLoader/libs/assimp/include/assimp/cexport.h; sourceTree = SOURCE_ROOT; };
		D0559B9E665844BA430A5E13 /* ofxAssimpMeshHelper.cpp */ = {isa = PBXFileReference; explicitFileType = sourcecode.cpp.cpp; fileEncoding = 30; name = ofxAssimpMeshHelper.cpp; path = ../../Openframeworks/addons/ofxAssimpModelLoader/src/ofxAssimpMeshHelper.cpp; sourceTree = SOURCE_ROOT; };
		D0E0A7FFFDE47DE6D0ED5720 /* lib_implementation.cpp */ = {isa = PBXFileReference; explicitFileType = sourcecode.cpp.cpp; fileEncoding = 30; name = lib_implementation.cpp; path = ../../Openframeworks/addons/ofxSlicer/libs/necessaryLib/src/lib_implementation.cpp; sourceTree = SOURCE_ROOT; };
		D9321E07CD534C8E6F7931B9 /* ofxGuiGroup.h */ = {isa = PBXFileReference; explicitFileType = sourcecode.c.h; fileEncoding = 30; name = ofxGuiGroup.h; path = ../../Openframeworks/addons/ofxGui/src/ofxGuiGroup.h; sourceTree = SOURCE_ROOT; };
		DCB987CC0E6BD059128B8C91 /* anim.h */ = {isa = PBXFileReference; explicitFileType = sourcecode.c.h; fileEncoding = 30; name = anim.h; path = ../../Openframeworks/addons/ofxAssimpModelLoader/libs/assimp/include/assimp/anim.h; sourceTree = SOURCE_ROOT; };
		E26FFF8FBFD8B741C825AED5 /* Logger.hpp */ = {isa = PBXFileReference; explicitFileType = sourcecode.c.h; fileEncoding = 30; name = Logger.hpp; path = ../../Openframeworks/addons/ofxAssimpModelLoader/libs/assimp/include/assimp/Logger.hpp; sourceTree = SOURCE_ROOT; };
		E4328143138ABC890047C5CB /* openFrameworksLib.xcodeproj */ = {isa = PBXFileReference; lastKnownFileType = "wrapper.pb-project"; name = openFrameworksLib.xcodeproj; path = ../../Openframeworks/libs/openFrameworksCompiled/project/osx/openFrameworksLib.xcodeproj; sourceTree = SOURCE_ROOT; };
		E4B69B5B0A3A1756003C02F2 /* fluffy-octo-potatoDebug.app */ = {isa = PBXFileReference; explicitFileType = wrapper.application; includeInIndex = 0; path = "fluffy-octo-potatoDebug.app"; sourceTree = BUILT_PRODUCTS_DIR; };
		E4B69E1D0A3A1BDC003C02F2 /* main.cpp */ = {isa = PBXFileReference; fileEncoding = 30; lastKnownFileType = sourcecode.cpp.cpp; name = main.cpp; path = src/main.cpp; sourceTree = SOURCE_ROOT; };
		E4B69E1E0A3A1BDC003C02F2 /* ofApp.cpp */ = {isa = PBXFileReference; explicitFileType = sourcecode.cpp.cpp; fileEncoding = 30; name = ofApp.cpp; path = src/ofApp.cpp; sourceTree = SOURCE_ROOT; };
		E4B69E1F0A3A1BDC003C02F2 /* ofApp.h */ = {isa = PBXFileReference; fileEncoding = 30; lastKnownFileType = sourcecode.c.h; name = ofApp.h; path = src/ofApp.h; sourceTree = SOURCE_ROOT; };
		E4B6FCAD0C3E899E008CF71C /* openFrameworks-Info.plist */ = {isa = PBXFileReference; fileEncoding = 30; lastKnownFileType = text.plist.xml; path = "openFrameworks-Info.plist"; sourceTree = "<group>"; };
		E4EB691F138AFCF100A09F29 /* CoreOF.xcconfig */ = {isa = PBXFileReference; fileEncoding = 4; lastKnownFileType = text.xcconfig; name = CoreOF.xcconfig; path = ../../Openframeworks/libs/openFrameworksCompiled/project/osx/CoreOF.xcconfig; sourceTree = SOURCE_ROOT; };
		E4EB6923138AFD0F00A09F29 /* Project.xcconfig */ = {isa = PBXFileReference; fileEncoding = 4; lastKnownFileType = text.xcconfig; path = Project.xcconfig; sourceTree = "<group>"; };
		E74E480804B807443B3B0140 /* mesh.h */ = {isa = PBXFileReference; explicitFileType = sourcecode.c.h; fileEncoding = 30; name = mesh.h; path = ../../Openframeworks/addons/ofxAssimpModelLoader/libs/assimp/include/assimp/mesh.h; sourceTree = SOURCE_ROOT; };
		EA1D1802D7A373561828D332 /* DefaultLogger.hpp */ = {isa = PBXFileReference; explicitFileType = sourcecode.c.h; fileEncoding = 30; name = DefaultLogger.hpp; path = ../../Openframeworks/addons/ofxAssimpModelLoader/libs/assimp/include/assimp/DefaultLogger.hpp; sourceTree = SOURCE_ROOT; };
		F5AAB89267259B1710FA7FDD /* ofxLabel.cpp */ = {isa = PBXFileReference; explicitFileType = sourcecode.cpp.cpp; fileEncoding = 30; name = ofxLabel.cpp; path = ../../Openframeworks/addons/ofxGui/src/ofxLabel.cpp; sourceTree = SOURCE_ROOT; };
		F76D11F7199823C3408846BB /* poppack1.h */ = {isa = PBXFileReference; explicitFileType = sourcecode.c.h; fileEncoding = 30; name = poppack1.h; path = ../../Openframeworks/addons/ofxAssimpModelLoader/libs/assimp/include/assimp/Compiler/poppack1.h; sourceTree = SOURCE_ROOT; };
		F8132288CFB59F7A6690C7E0 /* IOStream.hpp */ = {isa = PBXFileReference; explicitFileType = sourcecode.c.h; fileEncoding = 30; name = IOStream.hpp; path = ../../Openframeworks/addons/ofxAssimpModelLoader/libs/assimp/include/assimp/IOStream.hpp; sourceTree = SOURCE_ROOT; };
		F9445BE0AF21E33F41A83AA7 /* pstdint.h */ = {isa = PBXFileReference; explicitFileType = sourcecode.c.h; fileEncoding = 30; name = pstdint.h; path = ../../Openframeworks/addons/ofxAssimpModelLoader/libs/assimp/include/assimp/Compiler/pstdint.h; sourceTree = SOURCE_ROOT; };
		FD9812E3FEBD446ACCD62770 /* Exporter.hpp */ = {isa = PBXFileReference; explicitFileType = sourcecode.c.h; fileEncoding = 30; name = Exporter.hpp; path = ../../Openframeworks/addons/ofxAssimpModelLoader/libs/assimp/include/assimp/Exporter.hpp; sourceTree = SOURCE_ROOT; };
		FF169614C765B680E6F2E77D /* material.h */ = {isa = PBXFileReference; explicitFileType = sourcecode.c.h; fileEncoding = 30; name = material.h; path = ../../Openframeworks/addons/ofxAssimpModelLoader/libs/assimp/include/assimp/material.h; sourceTree = SOURCE_ROOT; };
/* End PBXFileReference section */

/* Begin PBXFrameworksBuildPhase section */
		E4B69B590A3A1756003C02F2 /* Frameworks */ = {
			isa = PBXFrameworksBuildPhase;
			buildActionMask = 2147483647;
			files = (
				E4328149138ABC9F0047C5CB /* openFrameworksDebug.a in Frameworks */,
			);
			runOnlyForDeploymentPostprocessing = 0;
		};
/* End PBXFrameworksBuildPhase section */

/* Begin PBXGroup section */
		257CC6BB259896CB52B00FCC /* libs */ = {
			isa = PBXGroup;
			children = (
				5ADF4470F92BA5A6BA36C3BB /* necessaryLib */,
			);
			name = libs;
			sourceTree = "<group>";
		};
		2C8F245ACBE61E28646C17F2 /* ofxAssimpModelLoader */ = {
			isa = PBXGroup;
			children = (
				9D99F547CA5C0ECCB9EB9806 /* src */,
				C721A9AF1157766AFE54645E /* libs */,
			);
			name = ofxAssimpModelLoader;
			sourceTree = "<group>";
		};
		480A780D8D0308AE4A368801 /* ofxGui */ = {
			isa = PBXGroup;
			children = (
				A763ED608B35AE3310251DEE /* src */,
			);
			name = ofxGui;
			sourceTree = "<group>";
		};
		59905D957FDE48902CF1F729 /* assimp */ = {
			isa = PBXGroup;
			children = (
				EEFDD7AE0009AE6F77EF2A93 /* include */,
			);
			name = assimp;
			sourceTree = "<group>";
		};
		5ADF4470F92BA5A6BA36C3BB /* necessaryLib */ = {
			isa = PBXGroup;
			children = (
				C4D5B38C377D6492C21408FC /* include */,
				908D8DD24B9C94B7D597B94B /* src */,
			);
			name = necessaryLib;
			sourceTree = "<group>";
		};
		67AD613537D3ED7FD883659E /* assimp */ = {
			isa = PBXGroup;
			children = (
				515FF13B70065BD7AC4B2480 /* IOSystem.hpp */,
				E26FFF8FBFD8B741C825AED5 /* Logger.hpp */,
				F8132288CFB59F7A6690C7E0 /* IOStream.hpp */,
				95C9025AD99A9629E1A5072D /* defs.h */,
				CBE26D10AC225B055E284A5B /* version.h */,
				3B301E08D89176B6A81A21D9 /* matrix4x4.h */,
				C44D7606E1465D564C5732DB /* Importer.hpp */,
				9C13EC7A3B3C4F7A49A3B732 /* cfileio.h */,
				8E2F532A7F9FDE4AF6C414AE /* vector2.h */,
				30C88930FAFFC1CDC2C2FE68 /* config.h */,
				39CC9BBD40902712A6F2E073 /* light.h */,
				744A9543FD0115A4BF8E66ED /* types.h */,
				65C3F5E3BB70F9EEF3F7690C /* cimport.h */,
				5B3012BB808338B1E5AD2CEF /* camera.h */,
				338D7276203B71DAAC31CDD1 /* matrix3x3.h */,
				FF169614C765B680E6F2E77D /* material.h */,
				A3504A4224B44523751720C3 /* ai_assert.h */,
				B82DBFFE89D70A79A5929280 /* NullLogger.hpp */,
				A5D157306B7C01785E50B223 /* quaternion.h */,
				EA1D1802D7A373561828D332 /* DefaultLogger.hpp */,
				570697585AD39E1B59C79F0A /* metadata.h */,
				E74E480804B807443B3B0140 /* mesh.h */,
				FD9812E3FEBD446ACCD62770 /* Exporter.hpp */,
				0A755538C3ABA30360434F4C /* ProgressHandler.hpp */,
				CE57E353D4953F114D516311 /* cexport.h */,
				9F12170C18403AD30E254EBA /* color4.h */,
				DCB987CC0E6BD059128B8C91 /* anim.h */,
				BE365DD7DBC2B5EBBBB694C3 /* postprocess.h */,
				9690C775A845F9181C54A065 /* texture.h */,
				0680C75F3A526535003A3CCA /* importerdesc.h */,
				B77F1220F7C30BFF6034CC97 /* Compiler */,
				A623AFE0DB4AC27ADDE7656F /* vector3.h */,
				2380D03BAE6CBBFF7EB8DADF /* scene.h */,
				7D7326EE26566B16B4C4C1C0 /* LogStream.hpp */,
			);
			name = assimp;
			sourceTree = "<group>";
		};
		6948EE371B920CB800B5AC1A /* local_addons */ = {
			isa = PBXGroup;
			children = (
			);
			name = local_addons;
			sourceTree = "<group>";
		};
		908D8DD24B9C94B7D597B94B /* src */ = {
			isa = PBXGroup;
			children = (
				D0E0A7FFFDE47DE6D0ED5720 /* lib_implementation.cpp */,
				71E9CE2E3D596FDE3DFAAB3F /* lib_implementation.h */,
			);
			name = src;
			sourceTree = "<group>";
		};
		9D99F547CA5C0ECCB9EB9806 /* src */ = {
			isa = PBXGroup;
			children = (
				D0559B9E665844BA430A5E13 /* ofxAssimpMeshHelper.cpp */,
				4CE03C8DA6972E37F32E4E8F /* ofxAssimpAnimation.h */,
				0EFD3A7FD41F31F3ACF5F957 /* ofxAssimpAnimation.cpp */,
				76DF3525443A78F9152530FA /* ofxAssimpTexture.cpp */,
				0E25FEB30B5E3A0FEEF697D5 /* ofxAssimpTexture.h */,
				A753E2841520DF9D00A92E4A /* ofxAssimpModelLoader.cpp */,
				5596DBD8722225E3AAE69D2D /* ofxAssimpMeshHelper.h */,
				C6C4F8F306553E7A6C32E2F2 /* ofxAssimpUtils.h */,
				419EB3F6139DEB0756F89674 /* ofxAssimpModelLoader.h */,
			);
			name = src;
			sourceTree = "<group>";
		};
		A763ED608B35AE3310251DEE /* src */ = {
			isa = PBXGroup;
			children = (
				D9321E07CD534C8E6F7931B9 /* ofxGuiGroup.h */,
				5B2E1111CB1A13B9D1C341A0 /* ofxBaseGui.cpp */,
				5EA2E11DD22553C4CB2FC804 /* ofxSliderGroup.cpp */,
				7B78FE093D1C34BFB3464897 /* ofxToggle.cpp */,
				8697D6FF9D8427D2C376B1CA /* ofxButton.cpp */,
				0446211FDB7529F3D2CE39F5 /* ofxGuiGroup.cpp */,
				7D0818507DE7C7F430C0997F /* ofxToggle.h */,
				F5AAB89267259B1710FA7FDD /* ofxLabel.cpp */,
				674F8590680186A311F429C5 /* ofxSlider.h */,
				CDB23D264045D0FBC0CD8C61 /* ofxGui.h */,
				BADC3734EBBEA1B767F73915 /* ofxBaseGui.h */,
				70EB426891C2DA259B322C69 /* ofxButton.h */,
				1C0D2BD06A941724C4C8787D /* ofxLabel.h */,
				834616AE293DE7389319C394 /* ofxSliderGroup.h */,
				67B61BE0142FF03979BBF248 /* ofxPanel.cpp */,
				9778B3A196AF0050B00316BD /* ofxSlider.cpp */,
				297059C0F4958A9AEDB89F32 /* ofxPanel.h */,
			);
			name = src;
			sourceTree = "<group>";
		};
		B77F1220F7C30BFF6034CC97 /* Compiler */ = {
			isa = PBXGroup;
			children = (
				F76D11F7199823C3408846BB /* poppack1.h */,
				F9445BE0AF21E33F41A83AA7 /* pstdint.h */,
				164D5F8D70FFB5D45820C2D6 /* pushpack1.h */,
			);
			name = Compiler;
			sourceTree = "<group>";
		};
		B81E8A3AFAB95B372DF8C271 /* ofxSlicer */ = {
			isa = PBXGroup;
			children = (
				E7DB80EFA5849F1DBFF42BD4 /* src */,
				257CC6BB259896CB52B00FCC /* libs */,
			);
			name = ofxSlicer;
			sourceTree = "<group>";
		};
		BB4B014C10F69532006C3DED /* addons */ = {
			isa = PBXGroup;
			children = (
				2C8F245ACBE61E28646C17F2 /* ofxAssimpModelLoader */,
				480A780D8D0308AE4A368801 /* ofxGui */,
				B81E8A3AFAB95B372DF8C271 /* ofxSlicer */,
			);
			name = addons;
			sourceTree = "<group>";
		};
		C4D5B38C377D6492C21408FC /* include */ = {
			isa = PBXGroup;
			children = (
				36729AA6BCB44ED623CF3C75 /* necessaryLib.h */,
			);
			name = include;
			sourceTree = "<group>";
		};
		C721A9AF1157766AFE54645E /* libs */ = {
			isa = PBXGroup;
			children = (
				59905D957FDE48902CF1F729 /* assimp */,
			);
			name = libs;
			sourceTree = "<group>";
		};
		E4328144138ABC890047C5CB /* Products */ = {
			isa = PBXGroup;
			children = (
				E4328148138ABC890047C5CB /* openFrameworksDebug.a */,
			);
			name = Products;
			sourceTree = "<group>";
		};
		E4B69B4A0A3A1720003C02F2 = {
			isa = PBXGroup;
			children = (
				E4B6FCAD0C3E899E008CF71C /* openFrameworks-Info.plist */,
				E4EB6923138AFD0F00A09F29 /* Project.xcconfig */,
				E4B69E1C0A3A1BDC003C02F2 /* src */,
				E4EEC9E9138DF44700A80321 /* openFrameworks */,
				BB4B014C10F69532006C3DED /* addons */,
				6948EE371B920CB800B5AC1A /* local_addons */,
				E4B69B5B0A3A1756003C02F2 /* fluffy-octo-potatoDebug.app */,
			);
			sourceTree = "<group>";
		};
		E4B69E1C0A3A1BDC003C02F2 /* src */ = {
			isa = PBXGroup;
			children = (
				E4B69E1D0A3A1BDC003C02F2 /* main.cpp */,
				E4B69E1E0A3A1BDC003C02F2 /* ofApp.cpp */,
				E4B69E1F0A3A1BDC003C02F2 /* ofApp.h */,
			);
			path = src;
			sourceTree = SOURCE_ROOT;
		};
		E4EEC9E9138DF44700A80321 /* openFrameworks */ = {
			isa = PBXGroup;
			children = (
				E4EB691F138AFCF100A09F29 /* CoreOF.xcconfig */,
				E4328143138ABC890047C5CB /* openFrameworksLib.xcodeproj */,
			);
			name = openFrameworks;
			sourceTree = "<group>";
		};
		E7DB80EFA5849F1DBFF42BD4 /* src */ = {
			isa = PBXGroup;
			children = (
				87334D0E937B98835A7EADD2 /* ofxSlicer.h */,
				0C6D011014ABF4322BD456AB /* ofxSlicer.cpp */,
				273916BF7C115479BB6DFAF1 /* Layer.hpp */,
				1F5B4F4AFC49851625E7F905 /* Layer.cpp */,
				100BDAB0B580D84CE9615637 /* Triangles.hpp */,
				C7CBFEED3F1CB5D5A384B845 /* Triangles.cpp */,
			);
			name = src;
			sourceTree = "<group>";
		};
		EEFDD7AE0009AE6F77EF2A93 /* include */ = {
			isa = PBXGroup;
			children = (
				67AD613537D3ED7FD883659E /* assimp */,
			);
			name = include;
			sourceTree = "<group>";
		};
/* End PBXGroup section */

/* Begin PBXNativeTarget section */
		E4B69B5A0A3A1756003C02F2 /* fluffy-octo-potato */ = {
			isa = PBXNativeTarget;
			buildConfigurationList = E4B69B5F0A3A1757003C02F2 /* Build configuration list for PBXNativeTarget "fluffy-octo-potato" */;
			buildPhases = (
				E4B69B580A3A1756003C02F2 /* Sources */,
				E4B69B590A3A1756003C02F2 /* Frameworks */,
				E4B6FFFD0C3F9AB9008CF71C /* ShellScript */,
				E4C2427710CC5ABF004149E2 /* CopyFiles */,
			);
			buildRules = (
			);
			dependencies = (
				E4EEB9AC138B136A00A80321 /* PBXTargetDependency */,
			);
			name = "fluffy-octo-potato";
			productName = myOFApp;
			productReference = E4B69B5B0A3A1756003C02F2 /* fluffy-octo-potatoDebug.app */;
			productType = "com.apple.product-type.application";
		};
/* End PBXNativeTarget section */

/* Begin PBXProject section */
		E4B69B4C0A3A1720003C02F2 /* Project object */ = {
			isa = PBXProject;
			attributes = {
				LastUpgradeCheck = 0600;
			};
			buildConfigurationList = E4B69B4D0A3A1720003C02F2 /* Build configuration list for PBXProject "fluffy-octo-potato" */;
			compatibilityVersion = "Xcode 3.2";
			developmentRegion = English;
			hasScannedForEncodings = 0;
			knownRegions = (
				English,
				Japanese,
				French,
				German,
			);
			mainGroup = E4B69B4A0A3A1720003C02F2;
			productRefGroup = E4B69B4A0A3A1720003C02F2;
			projectDirPath = "";
			projectReferences = (
				{
					ProductGroup = E4328144138ABC890047C5CB /* Products */;
					ProjectRef = E4328143138ABC890047C5CB /* openFrameworksLib.xcodeproj */;
				},
			);
			projectRoot = "";
			targets = (
				E4B69B5A0A3A1756003C02F2 /* fluffy-octo-potato */,
			);
		};
/* End PBXProject section */

/* Begin PBXReferenceProxy section */
		E4328148138ABC890047C5CB /* openFrameworksDebug.a */ = {
			isa = PBXReferenceProxy;
			fileType = archive.ar;
			path = openFrameworksDebug.a;
			remoteRef = E4328147138ABC890047C5CB /* PBXContainerItemProxy */;
			sourceTree = BUILT_PRODUCTS_DIR;
		};
/* End PBXReferenceProxy section */

/* Begin PBXShellScriptBuildPhase section */
		E4B6FFFD0C3F9AB9008CF71C /* ShellScript */ = {
			isa = PBXShellScriptBuildPhase;
			buildActionMask = 2147483647;
			files = (
			);
			inputPaths = (
			);
			outputPaths = (
			);
			runOnlyForDeploymentPostprocessing = 0;
			shellPath = /bin/sh;
			shellScript = "mkdir -p \"$TARGET_BUILD_DIR/$PRODUCT_NAME.app/Contents/Resources/\"\n# Copy default icon file into App/Resources\nrsync -aved \"$ICON_FILE\" \"$TARGET_BUILD_DIR/$PRODUCT_NAME.app/Contents/Resources/\"\n# Copy libfmod and change install directory for fmod to run\nrsync -aved ../../Openframeworks/libs/fmodex/lib/osx/libfmodex.dylib \"$TARGET_BUILD_DIR/$PRODUCT_NAME.app/Contents/Frameworks/\";\ninstall_name_tool -change @executable_path/libfmodex.dylib @executable_path/../Frameworks/libfmodex.dylib \"$TARGET_BUILD_DIR/$PRODUCT_NAME.app/Contents/MacOS/$PRODUCT_NAME\";\n# Copy GLUT framework (must remove for AppStore submissions)\nrsync -aved ../../Openframeworks/libs/glut/lib/osx/GLUT.framework \"$TARGET_BUILD_DIR/$PRODUCT_NAME.app/Contents/Frameworks/\"\n";
		};
/* End PBXShellScriptBuildPhase section */

/* Begin PBXSourcesBuildPhase section */
		E4B69B580A3A1756003C02F2 /* Sources */ = {
			isa = PBXSourcesBuildPhase;
			buildActionMask = 2147483647;
			files = (
				E4B69E200A3A1BDC003C02F2 /* main.cpp in Sources */,
				E4B69E210A3A1BDC003C02F2 /* ofApp.cpp in Sources */,
				005B461031B6EE59AD08787F /* ofxAssimpMeshHelper.cpp in Sources */,
				491A36D50D4598B6B510C110 /* ofxAssimpAnimation.cpp in Sources */,
				E5636750DFF3FE899E725535 /* ofxAssimpTexture.cpp in Sources */,
				4920CDD1A25867D52BE0B75A /* ofxAssimpModelLoader.cpp in Sources */,
				572BFE01DCBFFF80CB33B6C8 /* ofxBaseGui.cpp in Sources */,
				97FDCAADB0059B52FA89BB60 /* ofxSliderGroup.cpp in Sources */,
				AE71C46C780B16FA012D3AF5 /* ofxToggle.cpp in Sources */,
				6F0B74A7D8A3033E48F0E1A7 /* ofxButton.cpp in Sources */,
				6696B7EE61462711BCD85E06 /* ofxGuiGroup.cpp in Sources */,
				7C63758F55929167F51F857D /* ofxLabel.cpp in Sources */,
				EC6FA32C74BCF4977753193E /* ofxPanel.cpp in Sources */,
				1D74B07B9EA957E5C635B66C /* ofxSlider.cpp in Sources */,
				750FFFE9C5C869CA0CC91C7C /* Layer.cpp in Sources */,
				0762D9B4D9CAA8E119331CE5 /* Triangles.cpp in Sources */,
				DA825DF5BE21E62AF55A611B /* ofxSlicer.cpp in Sources */,
				8038CF75298C65E03ACE1EB2 /* lib_implementation.cpp in Sources */,
			);
			runOnlyForDeploymentPostprocessing = 0;
		};
/* End PBXSourcesBuildPhase section */

/* Begin PBXTargetDependency section */
		E4EEB9AC138B136A00A80321 /* PBXTargetDependency */ = {
			isa = PBXTargetDependency;
			name = openFrameworks;
			targetProxy = E4EEB9AB138B136A00A80321 /* PBXContainerItemProxy */;
		};
/* End PBXTargetDependency section */

/* Begin XCBuildConfiguration section */
		E4B69B4E0A3A1720003C02F2 /* Debug */ = {
			isa = XCBuildConfiguration;
			baseConfigurationReference = E4EB6923138AFD0F00A09F29 /* Project.xcconfig */;
			buildSettings = {
				CONFIGURATION_BUILD_DIR = "$(SRCROOT)/bin/";
				COPY_PHASE_STRIP = NO;
				DEAD_CODE_STRIPPING = YES;
				GCC_AUTO_VECTORIZATION = YES;
				GCC_ENABLE_SSE3_EXTENSIONS = YES;
				GCC_ENABLE_SUPPLEMENTAL_SSE3_INSTRUCTIONS = YES;
				GCC_INLINES_ARE_PRIVATE_EXTERN = NO;
				GCC_OPTIMIZATION_LEVEL = 0;
				GCC_SYMBOLS_PRIVATE_EXTERN = NO;
				GCC_WARN_ABOUT_DEPRECATED_FUNCTIONS = YES;
				GCC_WARN_ABOUT_INVALID_OFFSETOF_MACRO = NO;
				GCC_WARN_ALLOW_INCOMPLETE_PROTOCOL = NO;
				GCC_WARN_UNINITIALIZED_AUTOS = NO;
				GCC_WARN_UNUSED_VALUE = NO;
				GCC_WARN_UNUSED_VARIABLE = NO;
				HEADER_SEARCH_PATHS = (
					"$(OF_CORE_HEADERS)",
					src,
					../../Openframeworks/addons/ofxAssimpModelLoader/libs,
					../../Openframeworks/addons/ofxAssimpModelLoader/libs/assimp,
					../../Openframeworks/addons/ofxAssimpModelLoader/libs/assimp/include,
					../../Openframeworks/addons/ofxAssimpModelLoader/libs/assimp/include/assimp,
					../../Openframeworks/addons/ofxAssimpModelLoader/libs/assimp/include/assimp/Compiler,
					../../Openframeworks/addons/ofxAssimpModelLoader/libs/assimp/lib,
					../../Openframeworks/addons/ofxAssimpModelLoader/libs/assimp/lib/emscripten,
					../../Openframeworks/addons/ofxAssimpModelLoader/libs/assimp/lib/osx,
					../../Openframeworks/addons/ofxAssimpModelLoader/libs/assimp/license,
					../../Openframeworks/addons/ofxAssimpModelLoader/src,
					../../Openframeworks/addons/ofxGui/src,
					../../Openframeworks/addons/ofxSlicer/libs,
					../../Openframeworks/addons/ofxSlicer/libs/necessaryLib,
					../../Openframeworks/addons/ofxSlicer/libs/necessaryLib/include,
					../../Openframeworks/addons/ofxSlicer/libs/necessaryLib/lib,
					../../Openframeworks/addons/ofxSlicer/libs/necessaryLib/lib/osx,
					../../Openframeworks/addons/ofxSlicer/libs/necessaryLib/lib/win_cb,
					../../Openframeworks/addons/ofxSlicer/libs/necessaryLib/src,
					../../Openframeworks/addons/ofxSlicer/src,
				);
				MACOSX_DEPLOYMENT_TARGET = 10.8;
				ONLY_ACTIVE_ARCH = YES;
				OTHER_CPLUSPLUSFLAGS = (
					"-D__MACOSX_CORE__",
					"-mtune=native",
				);
				OTHER_LDFLAGS = (
					"$(OF_CORE_FRAMEWORKS)",
					"$(OF_CORE_LIBS)",
					../../Openframeworks/addons/ofxAssimpModelLoader/libs/assimp/lib/osx/assimp.a,
				);
				SDKROOT = macosx;
			};
			name = Debug;
		};
		E4B69B4F0A3A1720003C02F2 /* Release */ = {
			isa = XCBuildConfiguration;
			baseConfigurationReference = E4EB6923138AFD0F00A09F29 /* Project.xcconfig */;
			buildSettings = {
				CONFIGURATION_BUILD_DIR = "$(SRCROOT)/bin/";
				COPY_PHASE_STRIP = YES;
				DEAD_CODE_STRIPPING = YES;
				GCC_AUTO_VECTORIZATION = YES;
				GCC_ENABLE_SSE3_EXTENSIONS = YES;
				GCC_ENABLE_SUPPLEMENTAL_SSE3_INSTRUCTIONS = YES;
				GCC_INLINES_ARE_PRIVATE_EXTERN = NO;
				GCC_OPTIMIZATION_LEVEL = 3;
				GCC_SYMBOLS_PRIVATE_EXTERN = NO;
				GCC_UNROLL_LOOPS = YES;
				GCC_WARN_ABOUT_DEPRECATED_FUNCTIONS = YES;
				GCC_WARN_ABOUT_INVALID_OFFSETOF_MACRO = NO;
				GCC_WARN_ALLOW_INCOMPLETE_PROTOCOL = NO;
				GCC_WARN_UNINITIALIZED_AUTOS = NO;
				GCC_WARN_UNUSED_VALUE = NO;
				GCC_WARN_UNUSED_VARIABLE = NO;
				HEADER_SEARCH_PATHS = (
					"$(OF_CORE_HEADERS)",
					src,
					../../Openframeworks/addons/ofxAssimpModelLoader/libs,
					../../Openframeworks/addons/ofxAssimpModelLoader/libs/assimp,
					../../Openframeworks/addons/ofxAssimpModelLoader/libs/assimp/include,
					../../Openframeworks/addons/ofxAssimpModelLoader/libs/assimp/include/assimp,
					../../Openframeworks/addons/ofxAssimpModelLoader/libs/assimp/include/assimp/Compiler,
					../../Openframeworks/addons/ofxAssimpModelLoader/libs/assimp/lib,
					../../Openframeworks/addons/ofxAssimpModelLoader/libs/assimp/lib/emscripten,
					../../Openframeworks/addons/ofxAssimpModelLoader/libs/assimp/lib/osx,
					../../Openframeworks/addons/ofxAssimpModelLoader/libs/assimp/license,
					../../Openframeworks/addons/ofxAssimpModelLoader/src,
					../../Openframeworks/addons/ofxGui/src,
					../../Openframeworks/addons/ofxSlicer/libs,
					../../Openframeworks/addons/ofxSlicer/libs/necessaryLib,
					../../Openframeworks/addons/ofxSlicer/libs/necessaryLib/include,
					../../Openframeworks/addons/ofxSlicer/libs/necessaryLib/lib,
					../../Openframeworks/addons/ofxSlicer/libs/necessaryLib/lib/osx,
					../../Openframeworks/addons/ofxSlicer/libs/necessaryLib/lib/win_cb,
					../../Openframeworks/addons/ofxSlicer/libs/necessaryLib/src,
					../../Openframeworks/addons/ofxSlicer/src,
				);
				MACOSX_DEPLOYMENT_TARGET = 10.8;
				OTHER_CPLUSPLUSFLAGS = (
					"-D__MACOSX_CORE__",
					"-mtune=native",
				);
				OTHER_LDFLAGS = (
					"$(OF_CORE_FRAMEWORKS)",
					"$(OF_CORE_LIBS)",
					../../Openframeworks/addons/ofxAssimpModelLoader/libs/assimp/lib/osx/assimp.a,
				);
				SDKROOT = macosx;
			};
			name = Release;
		};
		E4B69B600A3A1757003C02F2 /* Debug */ = {
			isa = XCBuildConfiguration;
			baseConfigurationReference = E4EB6923138AFD0F00A09F29 /* Project.xcconfig */;
			buildSettings = {
				COMBINE_HIDPI_IMAGES = YES;
				COPY_PHASE_STRIP = NO;
				FRAMEWORK_SEARCH_PATHS = (
					"$(inherited)",
					"$(FRAMEWORK_SEARCH_PATHS_QUOTED_FOR_TARGET_1)",
				);
				FRAMEWORK_SEARCH_PATHS_QUOTED_FOR_TARGET_1 = "\"$(SRCROOT)/../../Openframeworks/libs/glut/lib/osx\"";
				GCC_DYNAMIC_NO_PIC = NO;
				GCC_GENERATE_DEBUGGING_SYMBOLS = YES;
				GCC_MODEL_TUNING = NONE;
				HEADER_SEARCH_PATHS = (
					"$(OF_CORE_HEADERS)",
					src,
					../../Openframeworks/addons/ofxAssimpModelLoader/libs,
					../../Openframeworks/addons/ofxAssimpModelLoader/libs/assimp,
					../../Openframeworks/addons/ofxAssimpModelLoader/libs/assimp/include,
					../../Openframeworks/addons/ofxAssimpModelLoader/libs/assimp/include/assimp,
					../../Openframeworks/addons/ofxAssimpModelLoader/libs/assimp/include/assimp/Compiler,
					../../Openframeworks/addons/ofxAssimpModelLoader/libs/assimp/lib,
					../../Openframeworks/addons/ofxAssimpModelLoader/libs/assimp/lib/emscripten,
					../../Openframeworks/addons/ofxAssimpModelLoader/libs/assimp/lib/osx,
					../../Openframeworks/addons/ofxAssimpModelLoader/libs/assimp/license,
					../../Openframeworks/addons/ofxAssimpModelLoader/src,
					../../Openframeworks/addons/ofxGui/src,
					../../Openframeworks/addons/ofxSlicer/libs,
					../../Openframeworks/addons/ofxSlicer/libs/necessaryLib,
					../../Openframeworks/addons/ofxSlicer/libs/necessaryLib/include,
					../../Openframeworks/addons/ofxSlicer/libs/necessaryLib/lib,
					../../Openframeworks/addons/ofxSlicer/libs/necessaryLib/lib/osx,
					../../Openframeworks/addons/ofxSlicer/libs/necessaryLib/lib/win_cb,
					../../Openframeworks/addons/ofxSlicer/libs/necessaryLib/src,
					../../Openframeworks/addons/ofxSlicer/src,
				);
				ICON = "$(ICON_NAME_DEBUG)";
				ICON_FILE = "$(ICON_FILE_PATH)$(ICON)";
				INFOPLIST_FILE = "openFrameworks-Info.plist";
				INSTALL_PATH = /Applications;
				LIBRARY_SEARCH_PATHS = "$(inherited)";
				OTHER_LDFLAGS = (
					"$(OF_CORE_FRAMEWORKS)",
					"$(OF_CORE_LIBS)",
					../../Openframeworks/addons/ofxAssimpModelLoader/libs/assimp/lib/osx/assimp.a,
				);
				PRODUCT_NAME = "$(TARGET_NAME)Debug";
				WRAPPER_EXTENSION = app;
			};
			name = Debug;
		};
		E4B69B610A3A1757003C02F2 /* Release */ = {
			isa = XCBuildConfiguration;
			baseConfigurationReference = E4EB6923138AFD0F00A09F29 /* Project.xcconfig */;
			buildSettings = {
				COMBINE_HIDPI_IMAGES = YES;
				COPY_PHASE_STRIP = YES;
				FRAMEWORK_SEARCH_PATHS = (
					"$(inherited)",
					"$(FRAMEWORK_SEARCH_PATHS_QUOTED_FOR_TARGET_1)",
				);
				FRAMEWORK_SEARCH_PATHS_QUOTED_FOR_TARGET_1 = "\"$(SRCROOT)/../../Openframeworks/libs/glut/lib/osx\"";
				GCC_GENERATE_DEBUGGING_SYMBOLS = YES;
				GCC_MODEL_TUNING = NONE;
				HEADER_SEARCH_PATHS = (
					"$(OF_CORE_HEADERS)",
					src,
					../../Openframeworks/addons/ofxAssimpModelLoader/libs,
					../../Openframeworks/addons/ofxAssimpModelLoader/libs/assimp,
					../../Openframeworks/addons/ofxAssimpModelLoader/libs/assimp/include,
					../../Openframeworks/addons/ofxAssimpModelLoader/libs/assimp/include/assimp,
					../../Openframeworks/addons/ofxAssimpModelLoader/libs/assimp/include/assimp/Compiler,
					../../Openframeworks/addons/ofxAssimpModelLoader/libs/assimp/lib,
					../../Openframeworks/addons/ofxAssimpModelLoader/libs/assimp/lib/emscripten,
					../../Openframeworks/addons/ofxAssimpModelLoader/libs/assimp/lib/osx,
					../../Openframeworks/addons/ofxAssimpModelLoader/libs/assimp/license,
					../../Openframeworks/addons/ofxAssimpModelLoader/src,
					../../Openframeworks/addons/ofxGui/src,
					../../Openframeworks/addons/ofxSlicer/libs,
					../../Openframeworks/addons/ofxSlicer/libs/necessaryLib,
					../../Openframeworks/addons/ofxSlicer/libs/necessaryLib/include,
					../../Openframeworks/addons/ofxSlicer/libs/necessaryLib/lib,
					../../Openframeworks/addons/ofxSlicer/libs/necessaryLib/lib/osx,
					../../Openframeworks/addons/ofxSlicer/libs/necessaryLib/lib/win_cb,
					../../Openframeworks/addons/ofxSlicer/libs/necessaryLib/src,
					../../Openframeworks/addons/ofxSlicer/src,
				);
				ICON = "$(ICON_NAME_RELEASE)";
				ICON_FILE = "$(ICON_FILE_PATH)$(ICON)";
				INFOPLIST_FILE = "openFrameworks-Info.plist";
				INSTALL_PATH = /Applications;
				LIBRARY_SEARCH_PATHS = "$(inherited)";
				OTHER_LDFLAGS = (
					"$(OF_CORE_FRAMEWORKS)",
					"$(OF_CORE_LIBS)",
					../../Openframeworks/addons/ofxAssimpModelLoader/libs/assimp/lib/osx/assimp.a,
				);
				PRODUCT_NAME = "$(TARGET_NAME)";
				WRAPPER_EXTENSION = app;
				baseConfigurationReference = E4EB6923138AFD0F00A09F29;
			};
			name = Release;
		};
/* End XCBuildConfiguration section */

/* Begin XCConfigurationList section */
		E4B69B4D0A3A1720003C02F2 /* Build configuration list for PBXProject "fluffy-octo-potato" */ = {
			isa = XCConfigurationList;
			buildConfigurations = (
				E4B69B4E0A3A1720003C02F2 /* Debug */,
				E4B69B4F0A3A1720003C02F2 /* Release */,
			);
			defaultConfigurationIsVisible = 0;
			defaultConfigurationName = Release;
		};
		E4B69B5F0A3A1757003C02F2 /* Build configuration list for PBXNativeTarget "fluffy-octo-potato" */ = {
			isa = XCConfigurationList;
			buildConfigurations = (
				E4B69B600A3A1757003C02F2 /* Debug */,
				E4B69B610A3A1757003C02F2 /* Release */,
			);
			defaultConfigurationIsVisible = 0;
			defaultConfigurationName = Release;
		};
/* End XCConfigurationList section */
	};
	rootObject = E4B69B4C0A3A1720003C02F2 /* Project object */;
}
